
Microsoft Visual Studio Solution File, Format Version 12.00
# Visual Studio Version 17
VisualStudioVersion = 17.0.31903.59
MinimumVisualStudioVersion = 10.0.40219.1
Project("{FAE04EC0-301F-11D3-BF4B-00C04F79EFBC}") = "RightSize", "RightSize\RightSize.csproj", "{C7FB7090-B77D-4D8C-A86D-0AAEDF8F8179}"
EndProject
Project("{FAE04EC0-301F-11D3-BF4B-00C04F79EFBC}") = "ChangeString", "ChangeString\ChangeString.csproj", "{93A8E76F-4919-44E3-B52A-BF04C76E10D0}"
EndProject
Project("{FAE04EC0-301F-11D3-BF4B-00C04F79EFBC}") = "ArrayMul", "ArrayMul\ArrayMul.csproj", "{4CBCE58D-C6A2-4EC6-9B08-845A8FBC24E8}"
EndProject
Project("{FAE04EC0-301F-11D3-BF4B-00C04F79EFBC}") = "HeroPerk", "HeroPerk\HeroPerk.csproj", "{C340D353-F15D-436E-A2BF-B317DD19E305}"
EndProject
Project("{FAE04EC0-301F-11D3-BF4B-00C04F79EFBC}") = "Pow2Until", "Pow2Until\Pow2Until.csproj", "{8D4C1320-87ED-494D-8228-DD545ABEC238}"
EndProject
Project("{FAE04EC0-301F-11D3-BF4B-00C04F79EFBC}") = "TrapAnalyzer", "TrapAnalyzer\TrapAnalyzer.csproj", "{C25FC03A-33D4-4114-A830-75FDD6899283}"
EndProject
Global
	GlobalSection(SolutionConfigurationPlatforms) = preSolution
		Debug|Any CPU = Debug|Any CPU
		Release|Any CPU = Release|Any CPU
	EndGlobalSection
	GlobalSection(SolutionProperties) = preSolution
		HideSolutionNode = FALSE
	EndGlobalSection
	GlobalSection(ProjectConfigurationPlatforms) = postSolution
		{C7FB7090-B77D-4D8C-A86D-0AAEDF8F8179}.Debug|Any CPU.ActiveCfg = Debug|Any CPU
		{C7FB7090-B77D-4D8C-A86D-0AAEDF8F8179}.Debug|Any CPU.Build.0 = Debug|Any CPU
		{C7FB7090-B77D-4D8C-A86D-0AAEDF8F8179}.Release|Any CPU.ActiveCfg = Release|Any CPU
		{C7FB7090-B77D-4D8C-A86D-0AAEDF8F8179}.Release|Any CPU.Build.0 = Release|Any CPU
		{93A8E76F-4919-44E3-B52A-BF04C76E10D0}.Debug|Any CPU.ActiveCfg = Debug|Any CPU
		{93A8E76F-4919-44E3-B52A-BF04C76E10D0}.Debug|Any CPU.Build.0 = Debug|Any CPU
		{93A8E76F-4919-44E3-B52A-BF04C76E10D0}.Release|Any CPU.ActiveCfg = Release|Any CPU
		{93A8E76F-4919-44E3-B52A-BF04C76E10D0}.Release|Any CPU.Build.0 = Release|Any CPU
		{4CBCE58D-C6A2-4EC6-9B08-845A8FBC24E8}.Debug|Any CPU.ActiveCfg = Debug|Any CPU
		{4CBCE58D-C6A2-4EC6-9B08-845A8FBC24E8}.Debug|Any CPU.Build.0 = Debug|Any CPU
		{4CBCE58D-C6A2-4EC6-9B08-845A8FBC24E8}.Release|Any CPU.ActiveCfg = Release|Any CPU
		{4CBCE58D-C6A2-4EC6-9B08-845A8FBC24E8}.Release|Any CPU.Build.0 = Release|Any CPU
		{C340D353-F15D-436E-A2BF-B317DD19E305}.Debug|Any CPU.ActiveCfg = Debug|Any CPU
		{C340D353-F15D-436E-A2BF-B317DD19E305}.Debug|Any CPU.Build.0 = Debug|Any CPU
		{C340D353-F15D-436E-A2BF-B317DD19E305}.Release|Any CPU.ActiveCfg = Release|Any CPU
		{C340D353-F15D-436E-A2BF-B317DD19E305}.Release|Any CPU.Build.0 = Release|Any CPU
		{8D4C1320-87ED-494D-8228-DD545ABEC238}.Debug|Any CPU.ActiveCfg = Debug|Any CPU
		{8D4C1320-87ED-494D-8228-DD545ABEC238}.Debug|Any CPU.Build.0 = Debug|Any CPU
		{8D4C1320-87ED-494D-8228-DD545ABEC238}.Release|Any CPU.ActiveCfg = Release|Any CPU
		{8D4C1320-87ED-494D-8228-DD545ABEC238}.Release|Any CPU.Build.0 = Release|Any CPU
		{C25FC03A-33D4-4114-A830-75FDD6899283}.Debug|Any CPU.ActiveCfg = Debug|Any CPU
		{C25FC03A-33D4-4114-A830-75FDD6899283}.Debug|Any CPU.Build.0 = Debug|Any CPU
		{C25FC03A-33D4-4114-A830-75FDD6899283}.Release|Any CPU.ActiveCfg = Release|Any CPU
		{C25FC03A-33D4-4114-A830-75FDD6899283}.Release|Any CPU.Build.0 = Release|Any CPU
	EndGlobalSection
EndGlobal
